<?xml version="1.0" encoding="utf-8"?>
<Project ToolsVersion="4.0" xmlns="http://schemas.microsoft.com/developer/msbuild/2003">
  <ItemGroup>
    <Filter Include="Source Files">
      <UniqueIdentifier>{4FC737F1-C7A5-4376-A066-2A32D752A2FF}</UniqueIdentifier>
      <Extensions>cpp;c;cc;cxx;def;odl;idl;hpj;bat;asm;asmx</Extensions>
    </Filter>
    <Filter Include="Header Files">
      <UniqueIdentifier>{93995380-89BD-4b04-88EB-625FBE52EBFB}</UniqueIdentifier>
      <Extensions>h;hh;hpp;hxx;hm;inl;inc;xsd</Extensions>
    </Filter>
    <Filter Include="Resource Files">
      <UniqueIdentifier>{67DA6AB6-F800-4c08-8B7A-83BB121AAD01}</UniqueIdentifier>
      <Extensions>rc;ico;cur;bmp;dlg;rc2;rct;bin;rgs;gif;jpg;jpeg;jpe;resx;tiff;tif;png;wav;mfcribbon-ms</Extensions>
    </Filter>
    <Filter Include="Platform">
      <UniqueIdentifier>{424101ff-83b3-43fb-942f-8ea68ed711ec}</UniqueIdentifier>
    </Filter>
  </ItemGroup>
  <ItemGroup>
    <Text Include="ReadMe.txt" />
  </ItemGroup>
  <ItemGroup>
    <ClInclude Include="stdafx.h">
      <Filter>Header Files</Filter>
    </ClInclude>
    <ClInclude Include="targetver.h">
      <Filter>Header Files</Filter>
    </ClInclude>
    <ClInclude Include="winlibartemis.h">
      <Filter>Header Files</Filter>
    </ClInclude>
    <ClInclude Include="..\inc\ar_core.h">
      <Filter>Header Files</Filter>
    </ClInclude>
    <ClInclude Include="..\inc\ar_shamir.h">
      <Filter>Header Files</Filter>
    </ClInclude>
    <ClInclude Include="..\inc\ar_types.h">
      <Filter>Header Files</Filter>
    </ClInclude>
    <ClInclude Include="..\inc\ar_uricodec.h">
      <Filter>Header Files</Filter>
    </ClInclude>
    <ClInclude Include="..\inc\ar_util.h">
      <Filter>Header Files</Filter>
    </ClInclude>
    <ClInclude Include="..\inc\ec_crypt.h">
      <Filter>Header Files</Filter>
    </ClInclude>
    <ClInclude Include="..\inc\ec_curve.h">
      <Filter>Header Files</Filter>
    </ClInclude>
    <ClInclude Include="..\inc\ec_field.h">
      <Filter>Header Files</Filter>
    </ClInclude>
    <ClInclude Include="..\inc\ec_param.h">
      <Filter>Header Files</Filter>
    </ClInclude>
    <ClInclude Include="..\inc\ec_types.h">
      <Filter>Header Files</Filter>
    </ClInclude>
    <ClInclude Include="..\inc\ec_vlong.h">
      <Filter>Header Files</Filter>
    </ClInclude>
    <ClInclude Include="..\inc\platform.h">
      <Filter>Header Files</Filter>
    </ClInclude>
    <ClInclude Include="..\inc\rc4.h">
      <Filter>Header Files</Filter>
    </ClInclude>
    <ClInclude Include="..\inc\sha1.h">
      <Filter>Header Files</Filter>
    </ClInclude>
    <ClInclude Include="..\inc\version.h">
      <Filter>Header Files</Filter>
    </ClInclude>
    <ClInclude Include="..\inc\test.h">
      <Filter>Header Files</Filter>
    </ClInclude>
    <ClInclude Include="..\inc\library.h">
      <Filter>Header Files</Filter>
    </ClInclude>
    <ClInclude Include="..\inc\ar_codes.h">
      <Filter>Header Files</Filter>
    </ClInclude>
  </ItemGroup>
  <ItemGroup>
    <ClCompile Include="..\src\ar_core.c">
      <Filter>Source Files</Filter>
    </ClCompile>
    <ClCompile Include="..\src\ar_shamir.c">
      <Filter>Source Files</Filter>
    </ClCompile>
    <ClCompile Include="..\src\ar_uricodec.c">
      <Filter>Source Files</Filter>
    </ClCompile>
    <ClCompile Include="..\src\ar_util.c">
      <Filter>Source Files</Filter>
    </ClCompile>
    <ClCompile Include="..\src\ec_crypt.c">
      <Filter>Source Files</Filter>
    </ClCompile>
    <ClCompile Include="..\src\ec_curve.c">
      <Filter>Source Files</Filter>
    </ClCompile>
    <ClCompile Include="..\src\ec_field.c">
      <Filter>Source Files</Filter>
    </ClCompile>
    <ClCompile Include="..\src\ec_param.c">
      <Filter>Source Files</Filter>
    </ClCompile>
    <ClCompile Include="..\src\ec_vlong.c">
      <Filter>Source Files</Filter>
    </ClCompile>
    <ClCompile Include="..\src\rc4.c">
      <Filter>Source Files</Filter>
    </ClCompile>
    <ClCompile Include="..\src\sha1.c">
      <Filter>Source Files</Filter>
    </ClCompile>
    <ClCompile Include="..\src\test.c">
      <Filter>Source Files</Filter>
    </ClCompile>
    <ClCompile Include="..\src\library.c">
      <Filter>Source Files</Filter>
    </ClCompile>
    <ClCompile Include="platform.c">
      <Filter>Platform</Filter>
    </ClCompile>
    <ClCompile Include="winlibartemis.cpp">
      <Filter>Platform</Filter>
    </ClCompile>
    <ClCompile Include="stdafx.cpp">
      <Filter>Platform</Filter>
    </ClCompile>
    <ClCompile Include="dllmain.cpp">
      <Filter>Platform</Filter>
    </ClCompile>
    <ClCompile Include="..\..\..\..\..\..\Program Files (x86)\gevorkyan.org\MicroProfiler\micro-profiler.initializer.cpp">
      <Filter>Platform</Filter>
    </ClCompile>
  </ItemGroup>
</Project>